
Microsoft Visual Studio Solution File, Format Version 12.00
# Visual Studio 2012
Project("{FAE04EC0-301F-11D3-BF4B-00C04F79EFBC}") = "theDiary.System", "theDiary.System\theDiary.System.csproj", "{969581E6-8D34-465F-B31A-B457D46A80AD}"
EndProject
Project("{FAE04EC0-301F-11D3-BF4B-00C04F79EFBC}") = "theDiary.Xml", "theDiary.Xml\theDiary.Xml.csproj", "{1C82B5F9-A0CC-4B61-A0EF-CEE5592D15CF}"
EndProject
Project("{FAE04EC0-301F-11D3-BF4B-00C04F79EFBC}") = "theDiary.Web.Mvc", "theDiary.Web.Mvc\theDiary.Web.Mvc.csproj", "{76240C28-CC66-4CDE-B3B2-30ACC58330C3}"
EndProject
Project("{FAE04EC0-301F-11D3-BF4B-00C04F79EFBC}") = "theDiary.Google.Translation", "theDiary.Google.Translation\theDiary.Google.Translation.csproj", "{7B1ADFB1-B1CE-4985-A946-82DA081BBC00}"
EndProject
Project("{FAE04EC0-301F-11D3-BF4B-00C04F79EFBC}") = "theDiary.Web", "theDiary.Web\theDiary.Web.csproj", "{BF1419FE-E559-4FD6-85A2-8BB3C5549777}"
EndProject
Project("{2150E333-8FDC-42A3-9474-1A3956D46DE8}") = "Other", "Other", "{531DFBA0-CE6D-478D-9FD6-552C41FA422F}"
EndProject
Project("{2150E333-8FDC-42A3-9474-1A3956D46DE8}") = "Core", "Core", "{7C2426CF-0A18-4915-B39D-418E329EB47A}"
EndProject
Project("{2150E333-8FDC-42A3-9474-1A3956D46DE8}") = "Web", "Web", "{5858DEDD-0700-4513-A032-134A444152FE}"
EndProject
Project("{2150E333-8FDC-42A3-9474-1A3956D46DE8}") = "Windows", "Windows", "{672EC6EA-4238-4B98-9892-B1A62C18055B}"
EndProject
Project("{FAE04EC0-301F-11D3-BF4B-00C04F79EFBC}") = "theDiary.Windows.Taskbar", "theDiary.Windows.Taskbar\theDiary.Windows.Taskbar.csproj", "{5859B606-7A1B-4057-8F81-581E2BA750F9}"
EndProject
Project("{2150E333-8FDC-42A3-9474-1A3956D46DE8}") = "Development Tools", "Development Tools", "{A2BD1BE9-8958-4235-9F06-2D3C98FF986C}"
EndProject
Project("{FAE04EC0-301F-11D3-BF4B-00C04F79EFBC}") = "theDiary.Windows.Forms", "theDiary.Wndows\theDiary.Windows.Forms.csproj", "{2ACE0D78-B623-4A2D-B52D-CDAA60CCD426}"
EndProject
Project("{FAE04EC0-301F-11D3-BF4B-00C04F79EFBC}") = "theDiary.Web.Mvc.Hosting", "theDiary.Web.Mvc.Hosting\theDiary.Web.Mvc.Hosting.csproj", "{0D79845F-86BE-4D42-86D7-DC591FE76D67}"
EndProject
Project("{2150E333-8FDC-42A3-9474-1A3956D46DE8}") = "Entity Framework", "Entity Framework", "{E581D5F1-3296-4565-9E42-EB3937EC3AAB}"
EndProject
Project("{FAE04EC0-301F-11D3-BF4B-00C04F79EFBC}") = "theDiary.EntityFramework.V5", "theDiary.EntityFramework.V5\theDiary.EntityFramework.V5.csproj", "{727779EF-059E-4B3B-92CB-DFE38792E6AC}"
EndProject
Project("{FAE04EC0-301F-11D3-BF4B-00C04F79EFBC}") = "Http Checker", "Development Tools\Http Checker\Http Checker.csproj", "{C37D02DA-44D7-4AFB-8885-974B783083B1}"
EndProject
Project("{FAE04EC0-301F-11D3-BF4B-00C04F79EFBC}") = "Release Tools", "Development Tools\Release Tools\Release Tools.csproj", "{C65842EB-B4B8-4749-BF79-5E655B3887B3}"
EndProject
Project("{2150E333-8FDC-42A3-9474-1A3956D46DE8}") = "RunAs", "RunAs", "{EC48682D-275C-4D8E-9F1A-36D304CB9871}"
EndProject
Project("{FAE04EC0-301F-11D3-BF4B-00C04F79EFBC}") = "Nedbank RunAs", "Development Tools\Run As\RunAs\Nedbank RunAs.csproj", "{E1C06667-B99D-41A8-9A03-0A8666DFB414}"
EndProject
Project("{2150E333-8FDC-42A3-9474-1A3956D46DE8}") = "Project Templates", "Project Templates", "{B0708377-3582-4BE0-B04A-D95AF7200820}"
EndProject
Project("{2150E333-8FDC-42A3-9474-1A3956D46DE8}") = "Mvc Hosted Application", "Mvc Hosted Application", "{A98B3086-DE15-4051-A96D-F4C6CB93BA8C}"
EndProject
Project("{FAE04EC0-301F-11D3-BF4B-00C04F79EFBC}") = "theDiary.MVCTemplate", "Development Tools\Project Templates\theDiary.MVCTemplate\theDiary.MVCTemplate.csproj", "{81268955-02FC-41CA-8DB0-78DD64E21BE9}"
EndProject
Project("{FAE04EC0-301F-11D3-BF4B-00C04F79EFBC}") = "Host File Manager", "Host File Manager\Host File Manager.csproj", "{17D781FD-7F84-4E9C-A554-CB59FFDF1B94}"
EndProject
Project("{FAE04EC0-301F-11D3-BF4B-00C04F79EFBC}") = "theDiary.System.Resources", "theDiary.System.Resources\theDiary.System.Resources.csproj", "{687EF8FA-8FFF-48DE-B41E-470DD22A2401}"
EndProject
Project("{2150E333-8FDC-42A3-9474-1A3956D46DE8}") = "WCF", "WCF", "{737D6E08-2069-4FFD-BCC3-64768DAD8224}"
EndProject
Project("{2150E333-8FDC-42A3-9474-1A3956D46DE8}") = "Testing", "Testing", "{6CFE7359-3588-4C72-BEE6-FFF3B380D011}"
EndProject
Project("{FAE04EC0-301F-11D3-BF4B-00C04F79EFBC}") = "theDiary.Syncronization", "theDiary.Syncronization\theDiary.Syncronization.csproj", "{15B3E0D2-6217-493A-A690-158C497F5318}"
EndProject
Project("{FAE04EC0-301F-11D3-BF4B-00C04F79EFBC}") = "WcfService1", "WcfService1\WcfService1.csproj", "{622943F2-820F-400B-905C-708DC8CD8003}"
EndProject
Project("{FAE04EC0-301F-11D3-BF4B-00C04F79EFBC}") = "WCF Data Service Client", "Project Testing\WCF Data Service Client\WCF Data Service Client.csproj", "{0B1F0BB7-59A7-44BC-B5AD-FB533F00E1C0}"
EndProject
Project("{FAE04EC0-301F-11D3-BF4B-00C04F79EFBC}") = "DataService Test", "Project Testing\DataService Test\DataService Test.csproj", "{7314E61B-DFF0-4B00-BF9C-FC08E77465B9}"
EndProject
Project("{FAE04EC0-301F-11D3-BF4B-00C04F79EFBC}") = "Test Console", "Project Testing\Test Console\Test Console.csproj", "{CC279A43-C6C8-417A-ABF2-91259439EBCD}"
EndProject
Project("{FAE04EC0-301F-11D3-BF4B-00C04F79EFBC}") = "Guid Creator", "Development Tools\Guid Creator\Guid Creator.csproj", "{2A15AA99-5271-45EE-AE8C-B86DD639FAFB}"
EndProject
Global
	GlobalSection(SolutionConfigurationPlatforms) = preSolution
		Debug|Any CPU = Debug|Any CPU
		Release|Any CPU = Release|Any CPU
	EndGlobalSection
	GlobalSection(ProjectConfigurationPlatforms) = postSolution
		{969581E6-8D34-465F-B31A-B457D46A80AD}.Debug|Any CPU.ActiveCfg = Debug|Any CPU
		{969581E6-8D34-465F-B31A-B457D46A80AD}.Debug|Any CPU.Build.0 = Debug|Any CPU
		{969581E6-8D34-465F-B31A-B457D46A80AD}.Release|Any CPU.ActiveCfg = Release|Any CPU
		{969581E6-8D34-465F-B31A-B457D46A80AD}.Release|Any CPU.Build.0 = Release|Any CPU
		{1C82B5F9-A0CC-4B61-A0EF-CEE5592D15CF}.Debug|Any CPU.ActiveCfg = Debug|Any CPU
		{1C82B5F9-A0CC-4B61-A0EF-CEE5592D15CF}.Release|Any CPU.ActiveCfg = Release|Any CPU
		{1C82B5F9-A0CC-4B61-A0EF-CEE5592D15CF}.Release|Any CPU.Build.0 = Release|Any CPU
		{76240C28-CC66-4CDE-B3B2-30ACC58330C3}.Debug|Any CPU.ActiveCfg = Debug|Any CPU
		{76240C28-CC66-4CDE-B3B2-30ACC58330C3}.Debug|Any CPU.Build.0 = Debug|Any CPU
		{76240C28-CC66-4CDE-B3B2-30ACC58330C3}.Release|Any CPU.ActiveCfg = Release|Any CPU
		{76240C28-CC66-4CDE-B3B2-30ACC58330C3}.Release|Any CPU.Build.0 = Release|Any CPU
		{7B1ADFB1-B1CE-4985-A946-82DA081BBC00}.Debug|Any CPU.ActiveCfg = Debug|Any CPU
		{7B1ADFB1-B1CE-4985-A946-82DA081BBC00}.Release|Any CPU.ActiveCfg = Release|Any CPU
		{7B1ADFB1-B1CE-4985-A946-82DA081BBC00}.Release|Any CPU.Build.0 = Release|Any CPU
		{BF1419FE-E559-4FD6-85A2-8BB3C5549777}.Debug|Any CPU.ActiveCfg = Debug|Any CPU
		{BF1419FE-E559-4FD6-85A2-8BB3C5549777}.Debug|Any CPU.Build.0 = Debug|Any CPU
		{BF1419FE-E559-4FD6-85A2-8BB3C5549777}.Release|Any CPU.ActiveCfg = Release|Any CPU
		{BF1419FE-E559-4FD6-85A2-8BB3C5549777}.Release|Any CPU.Build.0 = Release|Any CPU
		{5859B606-7A1B-4057-8F81-581E2BA750F9}.Debug|Any CPU.ActiveCfg = Debug|Any CPU
		{5859B606-7A1B-4057-8F81-581E2BA750F9}.Release|Any CPU.ActiveCfg = Release|Any CPU
		{2ACE0D78-B623-4A2D-B52D-CDAA60CCD426}.Debug|Any CPU.ActiveCfg = Debug|Any CPU
		{2ACE0D78-B623-4A2D-B52D-CDAA60CCD426}.Debug|Any CPU.Build.0 = Debug|Any CPU
		{2ACE0D78-B623-4A2D-B52D-CDAA60CCD426}.Release|Any CPU.ActiveCfg = Release|Any CPU
		{2ACE0D78-B623-4A2D-B52D-CDAA60CCD426}.Release|Any CPU.Build.0 = Release|Any CPU
		{0D79845F-86BE-4D42-86D7-DC591FE76D67}.Debug|Any CPU.ActiveCfg = Debug|Any CPU
		{0D79845F-86BE-4D42-86D7-DC591FE76D67}.Debug|Any CPU.Build.0 = Debug|Any CPU
		{0D79845F-86BE-4D42-86D7-DC591FE76D67}.Release|Any CPU.ActiveCfg = Release|Any CPU
		{0D79845F-86BE-4D42-86D7-DC591FE76D67}.Release|Any CPU.Build.0 = Release|Any CPU
		{727779EF-059E-4B3B-92CB-DFE38792E6AC}.Debug|Any CPU.ActiveCfg = Debug|Any CPU
		{727779EF-059E-4B3B-92CB-DFE38792E6AC}.Debug|Any CPU.Build.0 = Debug|Any CPU
		{727779EF-059E-4B3B-92CB-DFE38792E6AC}.Release|Any CPU.ActiveCfg = Release|Any CPU
		{727779EF-059E-4B3B-92CB-DFE38792E6AC}.Release|Any CPU.Build.0 = Release|Any CPU
		{C37D02DA-44D7-4AFB-8885-974B783083B1}.Debug|Any CPU.ActiveCfg = Debug|Any CPU
		{C37D02DA-44D7-4AFB-8885-974B783083B1}.Debug|Any CPU.Build.0 = Debug|Any CPU
		{C37D02DA-44D7-4AFB-8885-974B783083B1}.Release|Any CPU.ActiveCfg = Release|Any CPU
		{C65842EB-B4B8-4749-BF79-5E655B3887B3}.Debug|Any CPU.ActiveCfg = Debug|Any CPU
		{C65842EB-B4B8-4749-BF79-5E655B3887B3}.Debug|Any CPU.Build.0 = Debug|Any CPU
		{C65842EB-B4B8-4749-BF79-5E655B3887B3}.Release|Any CPU.ActiveCfg = Release|Any CPU
		{E1C06667-B99D-41A8-9A03-0A8666DFB414}.Debug|Any CPU.ActiveCfg = Debug|Any CPU
		{E1C06667-B99D-41A8-9A03-0A8666DFB414}.Debug|Any CPU.Build.0 = Debug|Any CPU
		{E1C06667-B99D-41A8-9A03-0A8666DFB414}.Release|Any CPU.ActiveCfg = Release|Any CPU
		{81268955-02FC-41CA-8DB0-78DD64E21BE9}.Debug|Any CPU.ActiveCfg = Debug|Any CPU
		{81268955-02FC-41CA-8DB0-78DD64E21BE9}.Release|Any CPU.ActiveCfg = Release|Any CPU
		{17D781FD-7F84-4E9C-A554-CB59FFDF1B94}.Debug|Any CPU.ActiveCfg = Debug|Any CPU
		{17D781FD-7F84-4E9C-A554-CB59FFDF1B94}.Debug|Any CPU.Build.0 = Debug|Any CPU
		{17D781FD-7F84-4E9C-A554-CB59FFDF1B94}.Release|Any CPU.ActiveCfg = Release|Any CPU
		{17D781FD-7F84-4E9C-A554-CB59FFDF1B94}.Release|Any CPU.Build.0 = Release|Any CPU
		{687EF8FA-8FFF-48DE-B41E-470DD22A2401}.Debug|Any CPU.ActiveCfg = Debug|Any CPU
		{687EF8FA-8FFF-48DE-B41E-470DD22A2401}.Debug|Any CPU.Build.0 = Debug|Any CPU
		{687EF8FA-8FFF-48DE-B41E-470DD22A2401}.Release|Any CPU.ActiveCfg = Release|Any CPU
		{687EF8FA-8FFF-48DE-B41E-470DD22A2401}.Release|Any CPU.Build.0 = Release|Any CPU
		{15B3E0D2-6217-493A-A690-158C497F5318}.Debug|Any CPU.ActiveCfg = Debug|Any CPU
		{15B3E0D2-6217-493A-A690-158C497F5318}.Debug|Any CPU.Build.0 = Debug|Any CPU
		{15B3E0D2-6217-493A-A690-158C497F5318}.Release|Any CPU.ActiveCfg = Release|Any CPU
		{15B3E0D2-6217-493A-A690-158C497F5318}.Release|Any CPU.Build.0 = Release|Any CPU
		{622943F2-820F-400B-905C-708DC8CD8003}.Debug|Any CPU.ActiveCfg = Debug|Any CPU
		{622943F2-820F-400B-905C-708DC8CD8003}.Debug|Any CPU.Build.0 = Debug|Any CPU
		{622943F2-820F-400B-905C-708DC8CD8003}.Release|Any CPU.ActiveCfg = Release|Any CPU
		{622943F2-820F-400B-905C-708DC8CD8003}.Release|Any CPU.Build.0 = Release|Any CPU
		{0B1F0BB7-59A7-44BC-B5AD-FB533F00E1C0}.Debug|Any CPU.ActiveCfg = Debug|Any CPU
		{0B1F0BB7-59A7-44BC-B5AD-FB533F00E1C0}.Debug|Any CPU.Build.0 = Debug|Any CPU
		{0B1F0BB7-59A7-44BC-B5AD-FB533F00E1C0}.Release|Any CPU.ActiveCfg = Release|Any CPU
		{0B1F0BB7-59A7-44BC-B5AD-FB533F00E1C0}.Release|Any CPU.Build.0 = Release|Any CPU
		{7314E61B-DFF0-4B00-BF9C-FC08E77465B9}.Debug|Any CPU.ActiveCfg = Debug|Any CPU
		{7314E61B-DFF0-4B00-BF9C-FC08E77465B9}.Debug|Any CPU.Build.0 = Debug|Any CPU
		{7314E61B-DFF0-4B00-BF9C-FC08E77465B9}.Release|Any CPU.ActiveCfg = Release|Any CPU
		{7314E61B-DFF0-4B00-BF9C-FC08E77465B9}.Release|Any CPU.Build.0 = Release|Any CPU
		{CC279A43-C6C8-417A-ABF2-91259439EBCD}.Debug|Any CPU.ActiveCfg = Debug|Any CPU
		{CC279A43-C6C8-417A-ABF2-91259439EBCD}.Debug|Any CPU.Build.0 = Debug|Any CPU
		{CC279A43-C6C8-417A-ABF2-91259439EBCD}.Release|Any CPU.ActiveCfg = Release|Any CPU
		{CC279A43-C6C8-417A-ABF2-91259439EBCD}.Release|Any CPU.Build.0 = Release|Any CPU
		{2A15AA99-5271-45EE-AE8C-B86DD639FAFB}.Debug|Any CPU.ActiveCfg = Debug|Any CPU
		{2A15AA99-5271-45EE-AE8C-B86DD639FAFB}.Debug|Any CPU.Build.0 = Debug|Any CPU
		{2A15AA99-5271-45EE-AE8C-B86DD639FAFB}.Release|Any CPU.ActiveCfg = Release|Any CPU
		{2A15AA99-5271-45EE-AE8C-B86DD639FAFB}.Release|Any CPU.Build.0 = Release|Any CPU
	EndGlobalSection
	GlobalSection(SolutionProperties) = preSolution
		HideSolutionNode = FALSE
	EndGlobalSection
	GlobalSection(NestedProjects) = preSolution
		{1C82B5F9-A0CC-4B61-A0EF-CEE5592D15CF} = {7C2426CF-0A18-4915-B39D-418E329EB47A}
		{5858DEDD-0700-4513-A032-134A444152FE} = {7C2426CF-0A18-4915-B39D-418E329EB47A}
		{969581E6-8D34-465F-B31A-B457D46A80AD} = {7C2426CF-0A18-4915-B39D-418E329EB47A}
		{672EC6EA-4238-4B98-9892-B1A62C18055B} = {7C2426CF-0A18-4915-B39D-418E329EB47A}
		{E581D5F1-3296-4565-9E42-EB3937EC3AAB} = {7C2426CF-0A18-4915-B39D-418E329EB47A}
		{687EF8FA-8FFF-48DE-B41E-470DD22A2401} = {7C2426CF-0A18-4915-B39D-418E329EB47A}
		{737D6E08-2069-4FFD-BCC3-64768DAD8224} = {7C2426CF-0A18-4915-B39D-418E329EB47A}
		{BF1419FE-E559-4FD6-85A2-8BB3C5549777} = {5858DEDD-0700-4513-A032-134A444152FE}
		{76240C28-CC66-4CDE-B3B2-30ACC58330C3} = {5858DEDD-0700-4513-A032-134A444152FE}
		{0D79845F-86BE-4D42-86D7-DC591FE76D67} = {5858DEDD-0700-4513-A032-134A444152FE}
		{7B1ADFB1-B1CE-4985-A946-82DA081BBC00} = {531DFBA0-CE6D-478D-9FD6-552C41FA422F}
		{CC279A43-C6C8-417A-ABF2-91259439EBCD} = {531DFBA0-CE6D-478D-9FD6-552C41FA422F}
		{5859B606-7A1B-4057-8F81-581E2BA750F9} = {672EC6EA-4238-4B98-9892-B1A62C18055B}
		{2ACE0D78-B623-4A2D-B52D-CDAA60CCD426} = {672EC6EA-4238-4B98-9892-B1A62C18055B}
		{C37D02DA-44D7-4AFB-8885-974B783083B1} = {A2BD1BE9-8958-4235-9F06-2D3C98FF986C}
		{C65842EB-B4B8-4749-BF79-5E655B3887B3} = {A2BD1BE9-8958-4235-9F06-2D3C98FF986C}
		{EC48682D-275C-4D8E-9F1A-36D304CB9871} = {A2BD1BE9-8958-4235-9F06-2D3C98FF986C}
		{B0708377-3582-4BE0-B04A-D95AF7200820} = {A2BD1BE9-8958-4235-9F06-2D3C98FF986C}
		{17D781FD-7F84-4E9C-A554-CB59FFDF1B94} = {A2BD1BE9-8958-4235-9F06-2D3C98FF986C}
		{2A15AA99-5271-45EE-AE8C-B86DD639FAFB} = {A2BD1BE9-8958-4235-9F06-2D3C98FF986C}
		{727779EF-059E-4B3B-92CB-DFE38792E6AC} = {E581D5F1-3296-4565-9E42-EB3937EC3AAB}
		{E1C06667-B99D-41A8-9A03-0A8666DFB414} = {EC48682D-275C-4D8E-9F1A-36D304CB9871}
		{A98B3086-DE15-4051-A96D-F4C6CB93BA8C} = {B0708377-3582-4BE0-B04A-D95AF7200820}
		{81268955-02FC-41CA-8DB0-78DD64E21BE9} = {A98B3086-DE15-4051-A96D-F4C6CB93BA8C}
		{6CFE7359-3588-4C72-BEE6-FFF3B380D011} = {737D6E08-2069-4FFD-BCC3-64768DAD8224}
		{15B3E0D2-6217-493A-A690-158C497F5318} = {737D6E08-2069-4FFD-BCC3-64768DAD8224}
		{622943F2-820F-400B-905C-708DC8CD8003} = {737D6E08-2069-4FFD-BCC3-64768DAD8224}
		{0B1F0BB7-59A7-44BC-B5AD-FB533F00E1C0} = {6CFE7359-3588-4C72-BEE6-FFF3B380D011}
		{7314E61B-DFF0-4B00-BF9C-FC08E77465B9} = {6CFE7359-3588-4C72-BEE6-FFF3B380D011}
	EndGlobalSection
EndGlobal
